
Microsoft Visual Studio Solution File, Format Version 12.00
# Visual Studio Version 17
VisualStudioVersion = 17.3.32929.385
MinimumVisualStudioVersion = 10.0.40219.1
Project("{FAE04EC0-301F-11D3-BF4B-00C04F79EFBC}") = "Numerator", "Numerator\Numerator.csproj", "{2FB79E1A-F33D-4CD6-BF99-4F4B96D1CC4F}"
EndProject
Global
	GlobalSection(SolutionConfigurationPlatforms) = preSolution
		Debug|Any CPU = Debug|Any CPU
		Release|Any CPU = Release|Any CPU
	EndGlobalSection
	GlobalSection(ProjectConfigurationPlatforms) = postSolution
		{2FB79E1A-F33D-4CD6-BF99-4F4B96D1CC4F}.Debug|Any CPU.ActiveCfg = Debug|Any CPU
		{2FB79E1A-F33D-4CD6-BF99-4F4B96D1CC4F}.Debug|Any CPU.Build.0 = Debug|Any CPU
		{2FB79E1A-F33D-4CD6-BF99-4F4B96D1CC4F}.Release|Any CPU.ActiveCfg = Release|Any CPU
		{2FB79E1A-F33D-4CD6-BF99-4F4B96D1CC4F}.Release|Any CPU.Build.0 = Release|Any CPU
	EndGlobalSection
	GlobalSection(SolutionProperties) = preSolution
		HideSolutionNode = FALSE
	EndGlobalSection
	GlobalSection(ExtensibilityGlobals) = postSolution
		SolutionGuid = {9DCAC2B5-D7EB-4300-9346-A708DC85CA3D}
	EndGlobalSection
EndGlobal
